
Microsoft Visual Studio Solution File, Format Version 12.00
# Visual Studio 15
VisualStudioVersion = 15.0.28010.2041
MinimumVisualStudioVersion = 10.0.40219.1
Project("{8BC9CEB8-8B4A-11D0-8D11-00A0C91BC942}") = "Loja_de_frutas", "Loja_de_frutas\Loja_de_frutas.vcxproj", "{70989C22-B3EF-448C-89C6-98CAD408024E}"
EndProject
Global
	GlobalSection(SolutionConfigurationPlatforms) = preSolution
		Debug|x64 = Debug|x64
		Debug|x86 = Debug|x86
		Release|x64 = Release|x64
		Release|x86 = Release|x86
	EndGlobalSection
	GlobalSection(ProjectConfigurationPlatforms) = postSolution
		{70989C22-B3EF-448C-89C6-98CAD408024E}.Debug|x64.ActiveCfg = Debug|x64
		{70989C22-B3EF-448C-89C6-98CAD408024E}.Debug|x64.Build.0 = Debug|x64
		{70989C22-B3EF-448C-89C6-98CAD408024E}.Debug|x86.ActiveCfg = Debug|Win32
		{70989C22-B3EF-448C-89C6-98CAD408024E}.Debug|x86.Build.0 = Debug|Win32
		{70989C22-B3EF-448C-89C6-98CAD408024E}.Release|x64.ActiveCfg = Release|x64
		{70989C22-B3EF-448C-89C6-98CAD408024E}.Release|x64.Build.0 = Release|x64
		{70989C22-B3EF-448C-89C6-98CAD408024E}.Release|x86.ActiveCfg = Release|Win32
		{70989C22-B3EF-448C-89C6-98CAD408024E}.Release|x86.Build.0 = Release|Win32
	EndGlobalSection
	GlobalSection(SolutionProperties) = preSolution
		HideSolutionNode = FALSE
	EndGlobalSection
	GlobalSection(ExtensibilityGlobals) = postSolution
		SolutionGuid = {41F0D27D-7A90-4950-8EEB-338BE3434597}
	EndGlobalSection
EndGlobal
