
Microsoft Visual Studio Solution File, Format Version 12.00
# Visual Studio 15
VisualStudioVersion = 15.0.28010.2041
MinimumVisualStudioVersion = 10.0.40219.1
Project("{8BC9CEB8-8B4A-11D0-8D11-00A0C91BC942}") = "Posto de gasolina", "Posto de gasolina\Posto de gasolina.vcxproj", "{518AB4DB-6626-47AF-BEB9-831521EEC708}"
EndProject
Global
	GlobalSection(SolutionConfigurationPlatforms) = preSolution
		Debug|x64 = Debug|x64
		Debug|x86 = Debug|x86
		Release|x64 = Release|x64
		Release|x86 = Release|x86
	EndGlobalSection
	GlobalSection(ProjectConfigurationPlatforms) = postSolution
		{518AB4DB-6626-47AF-BEB9-831521EEC708}.Debug|x64.ActiveCfg = Debug|x64
		{518AB4DB-6626-47AF-BEB9-831521EEC708}.Debug|x64.Build.0 = Debug|x64
		{518AB4DB-6626-47AF-BEB9-831521EEC708}.Debug|x86.ActiveCfg = Debug|Win32
		{518AB4DB-6626-47AF-BEB9-831521EEC708}.Debug|x86.Build.0 = Debug|Win32
		{518AB4DB-6626-47AF-BEB9-831521EEC708}.Release|x64.ActiveCfg = Release|x64
		{518AB4DB-6626-47AF-BEB9-831521EEC708}.Release|x64.Build.0 = Release|x64
		{518AB4DB-6626-47AF-BEB9-831521EEC708}.Release|x86.ActiveCfg = Release|Win32
		{518AB4DB-6626-47AF-BEB9-831521EEC708}.Release|x86.Build.0 = Release|Win32
	EndGlobalSection
	GlobalSection(SolutionProperties) = preSolution
		HideSolutionNode = FALSE
	EndGlobalSection
	GlobalSection(ExtensibilityGlobals) = postSolution
		SolutionGuid = {7CC3365C-F30D-4930-88A1-2BC45DC40B3A}
	EndGlobalSection
EndGlobal
