
Microsoft Visual Studio Solution File, Format Version 12.00
# Visual Studio 15
VisualStudioVersion = 15.0.28010.2041
MinimumVisualStudioVersion = 10.0.40219.1
Project("{8BC9CEB8-8B4A-11D0-8D11-00A0C91BC942}") = "Loja_de_roupas", "Loja_de_roupas\Loja_de_roupas.vcxproj", "{21D903D6-9C57-4A98-B0AA-1DD526B94EFC}"
EndProject
Global
	GlobalSection(SolutionConfigurationPlatforms) = preSolution
		Debug|x64 = Debug|x64
		Debug|x86 = Debug|x86
		Release|x64 = Release|x64
		Release|x86 = Release|x86
	EndGlobalSection
	GlobalSection(ProjectConfigurationPlatforms) = postSolution
		{21D903D6-9C57-4A98-B0AA-1DD526B94EFC}.Debug|x64.ActiveCfg = Debug|x64
		{21D903D6-9C57-4A98-B0AA-1DD526B94EFC}.Debug|x64.Build.0 = Debug|x64
		{21D903D6-9C57-4A98-B0AA-1DD526B94EFC}.Debug|x86.ActiveCfg = Debug|Win32
		{21D903D6-9C57-4A98-B0AA-1DD526B94EFC}.Debug|x86.Build.0 = Debug|Win32
		{21D903D6-9C57-4A98-B0AA-1DD526B94EFC}.Release|x64.ActiveCfg = Release|x64
		{21D903D6-9C57-4A98-B0AA-1DD526B94EFC}.Release|x64.Build.0 = Release|x64
		{21D903D6-9C57-4A98-B0AA-1DD526B94EFC}.Release|x86.ActiveCfg = Release|Win32
		{21D903D6-9C57-4A98-B0AA-1DD526B94EFC}.Release|x86.Build.0 = Release|Win32
	EndGlobalSection
	GlobalSection(SolutionProperties) = preSolution
		HideSolutionNode = FALSE
	EndGlobalSection
	GlobalSection(ExtensibilityGlobals) = postSolution
		SolutionGuid = {6985E9F4-3637-4A62-BF69-A1EF0F364BBD}
	EndGlobalSection
EndGlobal
